lockfileVersion: 5.4

specifiers:
  '@prisma/client': ^4.10.1

dependencies:
  '@prisma/client': 4.10.1

packages:

  /@prisma/client/4.10.1:
    resolution: {integrity: sha512-VonXLJZybdt8e5XZH5vnIGCRNnIh6OMX1FS3H/yzMGLT3STj5TJ/OkMcednrvELgk8PK89Vo3aSh51MWNO0axA==}
    engines: {node: '>=14.17'}
    requiresBuild: true
    peerDependencies:
      prisma: '*'
    peerDependenciesMeta:
      prisma:
        optional: true
    dependencies:
      '@prisma/engines-version': 4.10.1-2.aead147aa326ccb985dcfed5b065b4fdabd44b19
    dev: false

  /@prisma/engines-version/4.10.1-2.aead147aa326ccb985dcfed5b065b4fdabd44b19:
    resolution: {integrity: sha512-tsjTho7laDhf9EJ9EnDxAPEf7yrigSMDhniXeU4YoWc7azHAs4GPxRi2P9LTFonmHkJLMOLjR77J1oIP8Ife1w==}
    dev: false
